
Microsoft Visual Studio Solution File, Format Version 12.00
# Visual Studio Version 17
VisualStudioVersion = 17.9.34622.214
MinimumVisualStudioVersion = 10.0.40219.1
Project("{2150E333-8FDC-42A3-9474-1A3956D46DE8}") = "src", "src", "{5CE0F978-D099-4BA0-8EA5-B1786B0D409B}"
EndProject
Project("{2150E333-8FDC-42A3-9474-1A3956D46DE8}") = "tests", "tests", "{603906EE-774C-47D8-8392-E91A55FB56B4}"
EndProject
Project("{9A19103F-16F7-4668-BE54-9A1E7A4F7556}") = "Optimus.Domain", "src\Optimus.Domain\Optimus.Domain.csproj", "{34D7A3B5-E49D-460B-A253-9393942B93E0}"
EndProject
Project("{9A19103F-16F7-4668-BE54-9A1E7A4F7556}") = "Optimus.Tests", "tests\Optimus.Tests\Optimus.Tests.csproj", "{4BCE3132-975F-47A5-81AF-7697E828E06F}"
EndProject
Project("{FAE04EC0-301F-11D3-BF4B-00C04F79EFBC}") = "Optimus.Api", "src\Optimus.Api\Optimus.Api.csproj", "{F648C3D7-9CA3-458B-B7DF-F51DA3180F4C}"
EndProject
Project("{FAE04EC0-301F-11D3-BF4B-00C04F79EFBC}") = "Optimus.Infrastructure", "src\Optimus.Infrastructure\Optimus.Infrastructure.csproj", "{A21379E8-6A0A-4248-9756-4CC22851B607}"
EndProject
Global
	GlobalSection(SolutionConfigurationPlatforms) = preSolution
		Debug|Any CPU = Debug|Any CPU
		Release|Any CPU = Release|Any CPU
	EndGlobalSection
	GlobalSection(ProjectConfigurationPlatforms) = postSolution
		{34D7A3B5-E49D-460B-A253-9393942B93E0}.Debug|Any CPU.ActiveCfg = Debug|Any CPU
		{34D7A3B5-E49D-460B-A253-9393942B93E0}.Debug|Any CPU.Build.0 = Debug|Any CPU
		{34D7A3B5-E49D-460B-A253-9393942B93E0}.Release|Any CPU.ActiveCfg = Release|Any CPU
		{34D7A3B5-E49D-460B-A253-9393942B93E0}.Release|Any CPU.Build.0 = Release|Any CPU
		{4BCE3132-975F-47A5-81AF-7697E828E06F}.Debug|Any CPU.ActiveCfg = Debug|Any CPU
		{4BCE3132-975F-47A5-81AF-7697E828E06F}.Debug|Any CPU.Build.0 = Debug|Any CPU
		{4BCE3132-975F-47A5-81AF-7697E828E06F}.Release|Any CPU.ActiveCfg = Release|Any CPU
		{4BCE3132-975F-47A5-81AF-7697E828E06F}.Release|Any CPU.Build.0 = Release|Any CPU
		{F648C3D7-9CA3-458B-B7DF-F51DA3180F4C}.Debug|Any CPU.ActiveCfg = Debug|Any CPU
		{F648C3D7-9CA3-458B-B7DF-F51DA3180F4C}.Debug|Any CPU.Build.0 = Debug|Any CPU
		{F648C3D7-9CA3-458B-B7DF-F51DA3180F4C}.Release|Any CPU.ActiveCfg = Release|Any CPU
		{F648C3D7-9CA3-458B-B7DF-F51DA3180F4C}.Release|Any CPU.Build.0 = Release|Any CPU
		{A21379E8-6A0A-4248-9756-4CC22851B607}.Debug|Any CPU.ActiveCfg = Debug|Any CPU
		{A21379E8-6A0A-4248-9756-4CC22851B607}.Debug|Any CPU.Build.0 = Debug|Any CPU
		{A21379E8-6A0A-4248-9756-4CC22851B607}.Release|Any CPU.ActiveCfg = Release|Any CPU
		{A21379E8-6A0A-4248-9756-4CC22851B607}.Release|Any CPU.Build.0 = Release|Any CPU
	EndGlobalSection
	GlobalSection(SolutionProperties) = preSolution
		HideSolutionNode = FALSE
	EndGlobalSection
	GlobalSection(NestedProjects) = preSolution
		{34D7A3B5-E49D-460B-A253-9393942B93E0} = {5CE0F978-D099-4BA0-8EA5-B1786B0D409B}
		{4BCE3132-975F-47A5-81AF-7697E828E06F} = {603906EE-774C-47D8-8392-E91A55FB56B4}
		{F648C3D7-9CA3-458B-B7DF-F51DA3180F4C} = {5CE0F978-D099-4BA0-8EA5-B1786B0D409B}
		{A21379E8-6A0A-4248-9756-4CC22851B607} = {5CE0F978-D099-4BA0-8EA5-B1786B0D409B}
	EndGlobalSection
	GlobalSection(ExtensibilityGlobals) = postSolution
		SolutionGuid = {D500FFFD-9AA6-4F24-AAE5-1BDF17F7CAE1}
	EndGlobalSection
EndGlobal
